
Microsoft Visual Studio Solution File, Format Version 12.00
# Visual Studio Version 17
VisualStudioVersion = 17.4.33205.214
MinimumVisualStudioVersion = 10.0.40219.1
Project("{FAE04EC0-301F-11D3-BF4B-00C04F79EFBC}") = "HoroskoopJaAjaplaan.Android", "HoroskoopJaAjaplaan\HoroskoopJaAjaplaan.Android\HoroskoopJaAjaplaan.Android.csproj", "{C078E3BF-FC14-45F3-B2DD-337D4FB985AE}"
EndProject
Project("{FAE04EC0-301F-11D3-BF4B-00C04F79EFBC}") = "HoroskoopJaAjaplaan", "HoroskoopJaAjaplaan\HoroskoopJaAjaplaan\HoroskoopJaAjaplaan.csproj", "{B78DFB73-78B8-40FC-B87F-81139EF2F9C8}"
EndProject
Global
	GlobalSection(SolutionConfigurationPlatforms) = preSolution
		Debug|Any CPU = Debug|Any CPU
		Release|Any CPU = Release|Any CPU
	EndGlobalSection
	GlobalSection(ProjectConfigurationPlatforms) = postSolution
		{C078E3BF-FC14-45F3-B2DD-337D4FB985AE}.Debug|Any CPU.ActiveCfg = Debug|Any CPU
		{C078E3BF-FC14-45F3-B2DD-337D4FB985AE}.Debug|Any CPU.Build.0 = Debug|Any CPU
		{C078E3BF-FC14-45F3-B2DD-337D4FB985AE}.Debug|Any CPU.Deploy.0 = Debug|Any CPU
		{C078E3BF-FC14-45F3-B2DD-337D4FB985AE}.Release|Any CPU.ActiveCfg = Release|Any CPU
		{C078E3BF-FC14-45F3-B2DD-337D4FB985AE}.Release|Any CPU.Build.0 = Release|Any CPU
		{C078E3BF-FC14-45F3-B2DD-337D4FB985AE}.Release|Any CPU.Deploy.0 = Release|Any CPU
		{B78DFB73-78B8-40FC-B87F-81139EF2F9C8}.Debug|Any CPU.ActiveCfg = Debug|Any CPU
		{B78DFB73-78B8-40FC-B87F-81139EF2F9C8}.Debug|Any CPU.Build.0 = Debug|Any CPU
		{B78DFB73-78B8-40FC-B87F-81139EF2F9C8}.Debug|Any CPU.Deploy.0 = Debug|Any CPU
		{B78DFB73-78B8-40FC-B87F-81139EF2F9C8}.Release|Any CPU.ActiveCfg = Release|Any CPU
		{B78DFB73-78B8-40FC-B87F-81139EF2F9C8}.Release|Any CPU.Build.0 = Release|Any CPU
		{B78DFB73-78B8-40FC-B87F-81139EF2F9C8}.Release|Any CPU.Deploy.0 = Release|Any CPU
	EndGlobalSection
	GlobalSection(SolutionProperties) = preSolution
		HideSolutionNode = FALSE
	EndGlobalSection
	GlobalSection(ExtensibilityGlobals) = postSolution
		SolutionGuid = {96DD5AC3-012E-43BE-84A6-69D06C6FD321}
	EndGlobalSection
EndGlobal
